
Microsoft Visual Studio Solution File, Format Version 12.00
# Visual Studio Version 17
VisualStudioVersion = 17.9.34728.123
MinimumVisualStudioVersion = 10.0.40219.1
Project("{FAE04EC0-301F-11D3-BF4B-00C04F79EFBC}") = "Datos", "Datos\Datos.csproj", "{577F1039-5EDB-4707-83B8-2AEB0A25844A}"
EndProject
Project("{FAE04EC0-301F-11D3-BF4B-00C04F79EFBC}") = "Negocio", "Negocio\Negocio.csproj", "{4CA2A9D1-28D9-4438-935B-137C7A2FB4A8}"
EndProject
Project("{FAE04EC0-301F-11D3-BF4B-00C04F79EFBC}") = "Presentacion", "Presentacion\Presentacion.csproj", "{A47C58BB-81C3-4853-AE11-2225DEC5E2F1}"
EndProject
Global
	GlobalSection(SolutionConfigurationPlatforms) = preSolution
		Debug|Any CPU = Debug|Any CPU
		Release|Any CPU = Release|Any CPU
	EndGlobalSection
	GlobalSection(ProjectConfigurationPlatforms) = postSolution
		{577F1039-5EDB-4707-83B8-2AEB0A25844A}.Debug|Any CPU.ActiveCfg = Debug|Any CPU
		{577F1039-5EDB-4707-83B8-2AEB0A25844A}.Debug|Any CPU.Build.0 = Debug|Any CPU
		{577F1039-5EDB-4707-83B8-2AEB0A25844A}.Release|Any CPU.ActiveCfg = Release|Any CPU
		{577F1039-5EDB-4707-83B8-2AEB0A25844A}.Release|Any CPU.Build.0 = Release|Any CPU
		{4CA2A9D1-28D9-4438-935B-137C7A2FB4A8}.Debug|Any CPU.ActiveCfg = Debug|Any CPU
		{4CA2A9D1-28D9-4438-935B-137C7A2FB4A8}.Debug|Any CPU.Build.0 = Debug|Any CPU
		{4CA2A9D1-28D9-4438-935B-137C7A2FB4A8}.Release|Any CPU.ActiveCfg = Release|Any CPU
		{4CA2A9D1-28D9-4438-935B-137C7A2FB4A8}.Release|Any CPU.Build.0 = Release|Any CPU
		{A47C58BB-81C3-4853-AE11-2225DEC5E2F1}.Debug|Any CPU.ActiveCfg = Debug|Any CPU
		{A47C58BB-81C3-4853-AE11-2225DEC5E2F1}.Debug|Any CPU.Build.0 = Debug|Any CPU
		{A47C58BB-81C3-4853-AE11-2225DEC5E2F1}.Release|Any CPU.ActiveCfg = Release|Any CPU
		{A47C58BB-81C3-4853-AE11-2225DEC5E2F1}.Release|Any CPU.Build.0 = Release|Any CPU
	EndGlobalSection
	GlobalSection(SolutionProperties) = preSolution
		HideSolutionNode = FALSE
	EndGlobalSection
	GlobalSection(ExtensibilityGlobals) = postSolution
		SolutionGuid = {8A736D46-9694-4E20-85ED-B5393CE74107}
	EndGlobalSection
EndGlobal
